
Microsoft Visual Studio Solution File, Format Version 12.00
# Visual Studio Version 16
VisualStudioVersion = 16.0.30204.135
MinimumVisualStudioVersion = 10.0.40219.1
Project("{FAE04EC0-301F-11D3-BF4B-00C04F79EFBC}") = "PopupsExercicio.Android", "PopupsExercicio.Android\PopupsExercicio.Android.csproj", "{3A888E20-A7B4-4CE2-8E83-ABC86CF2DC24}"
EndProject
Project("{FAE04EC0-301F-11D3-BF4B-00C04F79EFBC}") = "PopupsExercicio", "PopupsExercicio\PopupsExercicio.csproj", "{EFBF9DDF-259E-44EB-B71D-BC93CE4CA2E3}"
EndProject
Global
	GlobalSection(SolutionConfigurationPlatforms) = preSolution
		Debug|Any CPU = Debug|Any CPU
		Release|Any CPU = Release|Any CPU
	EndGlobalSection
	GlobalSection(ProjectConfigurationPlatforms) = postSolution
		{3A888E20-A7B4-4CE2-8E83-ABC86CF2DC24}.Debug|Any CPU.ActiveCfg = Debug|Any CPU
		{3A888E20-A7B4-4CE2-8E83-ABC86CF2DC24}.Debug|Any CPU.Build.0 = Debug|Any CPU
		{3A888E20-A7B4-4CE2-8E83-ABC86CF2DC24}.Debug|Any CPU.Deploy.0 = Debug|Any CPU
		{3A888E20-A7B4-4CE2-8E83-ABC86CF2DC24}.Release|Any CPU.ActiveCfg = Release|Any CPU
		{3A888E20-A7B4-4CE2-8E83-ABC86CF2DC24}.Release|Any CPU.Build.0 = Release|Any CPU
		{3A888E20-A7B4-4CE2-8E83-ABC86CF2DC24}.Release|Any CPU.Deploy.0 = Release|Any CPU
		{EFBF9DDF-259E-44EB-B71D-BC93CE4CA2E3}.Debug|Any CPU.ActiveCfg = Debug|Any CPU
		{EFBF9DDF-259E-44EB-B71D-BC93CE4CA2E3}.Debug|Any CPU.Build.0 = Debug|Any CPU
		{EFBF9DDF-259E-44EB-B71D-BC93CE4CA2E3}.Debug|Any CPU.Deploy.0 = Debug|Any CPU
		{EFBF9DDF-259E-44EB-B71D-BC93CE4CA2E3}.Release|Any CPU.ActiveCfg = Release|Any CPU
		{EFBF9DDF-259E-44EB-B71D-BC93CE4CA2E3}.Release|Any CPU.Build.0 = Release|Any CPU
		{EFBF9DDF-259E-44EB-B71D-BC93CE4CA2E3}.Release|Any CPU.Deploy.0 = Release|Any CPU
	EndGlobalSection
	GlobalSection(SolutionProperties) = preSolution
		HideSolutionNode = FALSE
	EndGlobalSection
	GlobalSection(ExtensibilityGlobals) = postSolution
		SolutionGuid = {42D27327-8D19-4011-8663-FAC4F14AD8D3}
	EndGlobalSection
EndGlobal
